
Microsoft Visual Studio Solution File, Format Version 12.00
# Visual Studio Version 16
VisualStudioVersion = 16.0.30717.126
MinimumVisualStudioVersion = 10.0.40219.1
Project("{FAE04EC0-301F-11D3-BF4B-00C04F79EFBC}") = "BaseTemplateAPI", "BaseTemplateAPI\BaseTemplateAPI.csproj", "{3ADA7E2D-5AD0-46FD-9F8D-8DA6D386F58A}"
EndProject
Global
	GlobalSection(SolutionConfigurationPlatforms) = preSolution
		Debug|Any CPU = Debug|Any CPU
		Release|Any CPU = Release|Any CPU
	EndGlobalSection
	GlobalSection(ProjectConfigurationPlatforms) = postSolution
		{3ADA7E2D-5AD0-46FD-9F8D-8DA6D386F58A}.Debug|Any CPU.ActiveCfg = Debug|Any CPU
		{3ADA7E2D-5AD0-46FD-9F8D-8DA6D386F58A}.Debug|Any CPU.Build.0 = Debug|Any CPU
		{3ADA7E2D-5AD0-46FD-9F8D-8DA6D386F58A}.Release|Any CPU.ActiveCfg = Release|Any CPU
		{3ADA7E2D-5AD0-46FD-9F8D-8DA6D386F58A}.Release|Any CPU.Build.0 = Release|Any CPU
	EndGlobalSection
	GlobalSection(SolutionProperties) = preSolution
		HideSolutionNode = FALSE
	EndGlobalSection
	GlobalSection(ExtensibilityGlobals) = postSolution
		SolutionGuid = {1DDF366C-595F-4D6D-AEAF-EED6C1F54F2C}
	EndGlobalSection
EndGlobal
